// !$*UTF8*$!
{
	archiveVersion = 1;
	classes = {
	};
	objectVersion = 46;
	objects = {

/* Begin PBXBuildFile section */
		F0997A421D67580B00EBCF5C /* AppDelegate.swift in Sources */ = {isa = PBXBuildFile; fileRef = F0997A411D67580B00EBCF5C /* AppDelegate.swift */; };
		F0997A441D67580B00EBCF5C /* ViewController.swift in Sources */ = {isa = PBXBuildFile; fileRef = F0997A431D67580B00EBCF5C /* ViewController.swift */; };
		F0997A471D67580B00EBCF5C /* Main.storyboard in Resources */ = {isa = PBXBuildFile; fileRef = F0997A451D67580B00EBCF5C /* Main.storyboard */; };
		F0997A491D67580B00EBCF5C /* Assets.xcassets in Resources */ = {isa = PBXBuildFile; fileRef = F0997A481D67580B00EBCF5C /* Assets.xcassets */; };
		F0997A4C1D67580B00EBCF5C /* LaunchScreen.storyboard in Resources */ = {isa = PBXBuildFile; fileRef = F0997A4A1D67580B00EBCF5C /* LaunchScreen.storyboard */; };
		F0997A571D67580C00EBCF5C /* DateToolsTestsTests.swift in Sources */ = {isa = PBXBuildFile; fileRef = F0997A561D67580C00EBCF5C /* DateToolsTestsTests.swift */; };
/* End PBXBuildFile section */

/* Begin PBXContainerItemProxy section */
		F0997A531D67580C00EBCF5C /* PBXContainerItemProxy */ = {
			isa = PBXContainerItemProxy;
			containerPortal = F0997A361D67580B00EBCF5C /* Project object */;
			proxyType = 1;
			remoteGlobalIDString = F0997A3D1D67580B00EBCF5C;
			remoteInfo = DateToolsTests;
		};
/* End PBXContainerItemProxy section */

/* Begin PBXFileReference section */
		F0997A3E1D67580B00EBCF5C /* DateToolsTests.app */ = {isa = PBXFileReference; explicitFileType = wrapper.application; includeInIndex = 0; path = DateToolsTests.app; sourceTree = BUILT_PRODUCTS_DIR; };
		F0997A411D67580B00EBCF5C /* AppDelegate.swift */ = {isa = PBXFileReference; lastKnownFileType = sourcecode.swift; path = AppDelegate.swift; sourceTree = "<group>"; };
		F0997A431D67580B00EBCF5C /* ViewController.swift */ = {isa = PBXFileReference; lastKnownFileType = sourcecode.swift; path = ViewController.swift; sourceTree = "<group>"; };
		F0997A461D67580B00EBCF5C /* Base */ = {isa = PBXFileReference; lastKnownFileType = file.storyboard; name = Base; path = Base.lproj/Main.storyboard; sourceTree = "<group>"; };
		F0997A481D67580B00EBCF5C /* Assets.xcassets */ = {isa = PBXFileReference; lastKnownFileType = folder.assetcatalog; path = Assets.xcassets; sourceTree = "<group>"; };
		F0997A4B1D67580B00EBCF5C /* Base */ = {isa = PBXFileReference; lastKnownFileType = file.storyboard; name = Base; path = Base.lproj/LaunchScreen.storyboard; sourceTree = "<group>"; };
		F0997A4D1D67580B00EBCF5C /* Info.plist */ = {isa = PBXFileReference; lastKnownFileType = text.plist.xml; path = Info.plist; sourceTree = "<group>"; };
		F0997A521D67580C00EBCF5C /* DateToolsTestsTests.xctest */ = {isa = PBXFileReference; explicitFileType = wrapper.cfbundle; includeInIndex = 0; path = DateToolsTestsTests.xctest; sourceTree = BUILT_PRODUCTS_DIR; };
		F0997A561D67580C00EBCF5C /* DateToolsTestsTests.swift */ = {isa = PBXFileReference; lastKnownFileType = sourcecode.swift; path = DateToolsTestsTests.swift; sourceTree = "<group>"; };
		F0997A581D67580C00EBCF5C /* Info.plist */ = {isa = PBXFileReference; lastKnownFileType = text.plist.xml; path = Info.plist; sourceTree = "<group>"; };
/* End PBXFileReference section */

/* Begin PBXFrameworksBuildPhase section */
		F0997A3B1D67580B00EBCF5C /* Frameworks */ = {
			isa = PBXFrameworksBuildPhase;
			buildActionMask = 2147483647;
			files = (
			);
			runOnlyForDeploymentPostprocessing = 0;
		};
		F0997A4F1D67580C00EBCF5C /* Frameworks */ = {
			isa = PBXFrameworksBuildPhase;
			buildActionMask = 2147483647;
			files = (
			);
			runOnlyForDeploymentPostprocessing = 0;
		};
/* End PBXFrameworksBuildPhase section */

/* Begin PBXGroup section */
		F0997A351D67580B00EBCF5C = {
			isa = PBXGroup;
			children = (
				F0997A401D67580B00EBCF5C /* DateToolsTests */,
				F0997A551D67580C00EBCF5C /* DateToolsTestsTests */,
				F0997A3F1D67580B00EBCF5C /* Products */,
			);
			sourceTree = "<group>";
		};
		F0997A3F1D67580B00EBCF5C /* Products */ = {
			isa = PBXGroup;
			children = (
				F0997A3E1D67580B00EBCF5C /* DateToolsTests.app */,
				F0997A521D67580C00EBCF5C /* DateToolsTestsTests.xctest */,
			);
			name = Products;
			sourceTree = "<group>";
		};
		F0997A401D67580B00EBCF5C /* DateToolsTests */ = {
			isa = PBXGroup;
			children = (
				F0997A411D67580B00EBCF5C /* AppDelegate.swift */,
				F0997A431D67580B00EBCF5C /* ViewController.swift */,
				F0997A451D67580B00EBCF5C /* Main.storyboard */,
				F0997A481D67580B00EBCF5C /* Assets.xcassets */,
				F0997A4A1D67580B00EBCF5C /* LaunchScreen.storyboard */,
				F0997A4D1D67580B00EBCF5C /* Info.plist */,
			);
			path = DateToolsTests;
			sourceTree = "<group>";
		};
		F0997A551D67580C00EBCF5C /* DateToolsTestsTests */ = {
			isa = PBXGroup;
			children = (
				F0997A561D67580C00EBCF5C /* DateToolsTestsTests.swift */,
				F0997A581D67580C00EBCF5C /* Info.plist */,
			);
			path = DateToolsTestsTests;
			sourceTree = "<group>";
		};
/* End PBXGroup section */

/* Begin PBXNativeTarget section */
		F0997A3D1D67580B00EBCF5C /* DateToolsTests */ = {
			isa = PBXNativeTarget;
			buildConfigurationList = F0997A5B1D67580C00EBCF5C /* Build configuration list for PBXNativeTarget "DateToolsTests" */;
			buildPhases = (
				F0997A3A1D67580B00EBCF5C /* Sources */,
				F0997A3B1D67580B00EBCF5C /* Frameworks */,
				F0997A3C1D67580B00EBCF5C /* Resources */,
			);
			buildRules = (
			);
			dependencies = (
			);
			name = DateToolsTests;
			productName = DateToolsTests;
			productReference = F0997A3E1D67580B00EBCF5C /* DateToolsTests.app */;
			productType = "com.apple.product-type.application";
		};
		F0997A511D67580C00EBCF5C /* DateToolsTestsTests */ = {
			isa = PBXNativeTarget;
			buildConfigurationList = F0997A5E1D67580C00EBCF5C /* Build configuration list for PBXNativeTarget "DateToolsTestsTests" */;
			buildPhases = (
				F0997A4E1D67580C00EBCF5C /* Sources */,
				F0997A4F1D67580C00EBCF5C /* Frameworks */,
				F0997A501D67580C00EBCF5C /* Resources */,
			);
			buildRules = (
			);
			dependencies = (
				F0997A541D67580C00EBCF5C /* PBXTargetDependency */,
			);
			name = DateToolsTestsTests;
			productName = DateToolsTestsTests;
			productReference = F0997A521D67580C00EBCF5C /* DateToolsTestsTests.xctest */;
			productType = "com.apple.product-type.bundle.unit-test";
		};
/* End PBXNativeTarget section */

/* Begin PBXProject section */
		F0997A361D67580B00EBCF5C /* Project object */ = {
			isa = PBXProject;
			attributes = {
				LastSwiftUpdateCheck = 0800;
				LastUpgradeCheck = 0800;
				ORGANIZATIONNAME = "Matthew York";
				TargetAttributes = {
					F0997A3D1D67580B00EBCF5C = {
						CreatedOnToolsVersion = 8.0;
						ProvisioningStyle = Automatic;
					};
					F0997A511D67580C00EBCF5C = {
						CreatedOnToolsVersion = 8.0;
						ProvisioningStyle = Automatic;
						TestTargetID = F0997A3D1D67580B00EBCF5C;
					};
				};
			};
			buildConfigurationList = F0997A391D67580B00EBCF5C /* Build configuration list for PBXProject "DateToolsTests" */;
			compatibilityVersion = "Xcode 3.2";
			developmentRegion = English;
			hasScannedForEncodings = 0;
			knownRegions = (
				en,
				Base,
			);
			mainGroup = F0997A351D67580B00EBCF5C;
			productRefGroup = F0997A3F1D67580B00EBCF5C /* Products */;
			projectDirPath = "";
			projectRoot = "";
			targets = (
				F0997A3D1D67580B00EBCF5C /* DateToolsTests */,
				F0997A511D67580C00EBCF5C /* DateToolsTestsTests */,
			);
		};
/* End PBXProject section */

/* Begin PBXResourcesBuildPhase section */
		F0997A3C1D67580B00EBCF5C /* Resources */ = {
			isa = PBXResourcesBuildPhase;
			buildActionMask = 2147483647;
			files = (
				F0997A4C1D67580B00EBCF5C /* LaunchScreen.storyboard in Resources */,
				F0997A491D67580B00EBCF5C /* Assets.xcassets in Resources */,
				F0997A471D67580B00EBCF5C /* Main.storyboard in Resources */,
			);
			runOnlyForDeploymentPostprocessing = 0;
		};
		F0997A501D67580C00EBCF5C /* Resources */ = {
			isa = PBXResourcesBuildPhase;
			buildActionMask = 2147483647;
			files = (
			);
			runOnlyForDeploymentPostprocessing = 0;
		};
/* End PBXResourcesBuildPhase section */

/* Begin PBXSourcesBuildPhase section */
		F0997A3A1D67580B00EBCF5C /* Sources */ = {
			isa = PBXSourcesBuildPhase;
			buildActionMask = 2147483647;
			files = (
				F0997A441D67580B00EBCF5C /* ViewController.swift in Sources */,
				F0997A421D67580B00EBCF5C /* AppDelegate.swift in Sources */,
			);
			runOnlyForDeploymentPostprocessing = 0;
		};
		F0997A4E1D67580C00EBCF5C /* Sources */ = {
			isa = PBXSourcesBuildPhase;
			buildActionMask = 2147483647;
			files = (
				F0997A571D67580C00EBCF5C /* DateToolsTestsTests.swift in Sources */,
			);
			runOnlyForDeploymentPostprocessing = 0;
		};
/* End PBXSourcesBuildPhase section */

/* Begin PBXTargetDependency section */
		F0997A541D67580C00EBCF5C /* PBXTargetDependency */ = {
			isa = PBXTargetDependency;
			target = F0997A3D1D67580B00EBCF5C /* DateToolsTests */;
			targetProxy = F0997A531D67580C00EBCF5C /* PBXContainerItemProxy */;
		};
/* End PBXTargetDependency section */

/* Begin PBXVariantGroup section */
		F0997A451D67580B00EBCF5C /* Main.storyboard */ = {
			isa = PBXVariantGroup;
			children = (
				F0997A461D67580B00EBCF5C /* Base */,
			);
			name = Main.storyboard;
			sourceTree = "<group>";
		};
		F0997A4A1D67580B00EBCF5C /* LaunchScreen.storyboard */ = {
			isa = PBXVariantGroup;
			children = (
				F0997A4B1D67580B00EBCF5C /* Base */,
			);
			name = LaunchScreen.storyboard;
			sourceTree = "<group>";
		};
/* End PBXVariantGroup section */

/* Begin XCBuildConfiguration section */
		F0997A591D67580C00EBCF5C /* Debug */ = {
			isa = XCBuildConfiguration;
			buildSettings = {
				ALWAYS_SEARCH_USER_PATHS = NO;
				CLANG_ANALYZER_NONNULL = YES;
				CLANG_CXX_LANGUAGE_STANDARD = "gnu++0x";
				CLANG_CXX_LIBRARY = "libc++";
				CLANG_ENABLE_MODULES = YES;
				CLANG_ENABLE_OBJC_ARC = YES;
				CLANG_WARN_BOOL_CONVERSION = YES;
				CLANG_WARN_CONSTANT_CONVERSION = YES;
				CLANG_WARN_DIRECT_OBJC_ISA_USAGE = YES_ERROR;
				CLANG_WARN_DOCUMENTATION_COMMENTS = YES;
				CLANG_WARN_EMPTY_BODY = YES;
				CLANG_WARN_ENUM_CONVERSION = YES;
				CLANG_WARN_INFINITE_RECURSION = YES;
				CLANG_WARN_INT_CONVERSION = YES;
				CLANG_WARN_OBJC_ROOT_CLASS = YES_ERROR;
				CLANG_WARN_SUSPICIOUS_MOVES = YES;
				CLANG_WARN_UNREACHABLE_CODE = YES;
				CLANG_WARN__DUPLICATE_METHOD_MATCH = YES;
				"CODE_SIGN_IDENTITY[sdk=iphoneos*]" = "iPhone Developer";
				COPY_PHASE_STRIP = NO;
				DEBUG_INFORMATION_FORMAT = dwarf;
				ENABLE_STRICT_OBJC_MSGSEND = YES;
				ENABLE_TESTABILITY = YES;
				GCC_C_LANGUAGE_STANDARD = gnu99;
				GCC_DYNAMIC_NO_PIC = NO;
				GCC_NO_COMMON_BLOCKS = YES;
				GCC_OPTIMIZATION_LEVEL = 0;
				GCC_PREPROCESSOR_DEFINITIONS = (
					"DEBUG=1",
					"$(inherited)",
				);
				GCC_WARN_64_TO_32_BIT_CONVERSION = YES;
				GCC_WARN_ABOUT_RETURN_TYPE = YES_ERROR;
				GCC_WARN_UNDECLARED_SELECTOR = YES;
				GCC_WARN_UNINITIALIZED_AUTOS = YES_AGGRESSIVE;
				GCC_WARN_UNUSED_FUNCTION = YES;
				GCC_WARN_UNUSED_VARIABLE = YES;
				IPHONEOS_DEPLOYMENT_TARGET = 10.0;
				MTL_ENABLE_DEBUG_INFO = YES;
				ONLY_ACTIVE_ARCH = YES;
				SDKROOT = iphoneos;
				SWIFT_ACTIVE_COMPILATION_CONDITIONS = DEBUG;
				SWIFT_OPTIMIZATION_LEVEL = "-Onone";
				TARGETED_DEVICE_FAMILY = "1,2";
			};
			name = Debug;
		};
		F0997A5A1D67580C00EBCF5C /* Release */ = {
			isa = XCBuildConfiguration;
			buildSettings = {
				ALWAYS_SEARCH_USER_PATHS = NO;
				CLANG_ANALYZER_NONNULL = YES;
				CLANG_CXX_LANGUAGE_STANDARD = "gnu++0x";
				CLANG_CXX_LIBRARY = "libc++";
				CLANG_ENABLE_MODULES = YES;
				CLANG_ENABLE_OBJC_ARC = YES;
				CLANG_WARN_BOOL_CONVERSION = YES;
				CLANG_WARN_CONSTANT_CONVERSION = YES;
				CLANG_WARN_DIRECT_OBJC_ISA_USAGE = YES_ERROR;
				CLANG_WARN_DOCUMENTATION_COMMENTS = YES;
				CLANG_WARN_EMPTY_BODY = YES;
				CLANG_WARN_ENUM_CONVERSION = YES;
				CLANG_WARN_INFINITE_RECURSION = YES;
				CLANG_WARN_INT_CONVERSION = YES;
				CLANG_WARN_OBJC_ROOT_CLASS = YES_ERROR;
				CLANG_WARN_SUSPICIOUS_MOVES = YES;
				CLANG_WARN_UNREACHABLE_CODE = YES;
				CLANG_WARN__DUPLICATE_METHOD_MATCH = YES;
				"CODE_SIGN_IDENTITY[sdk=iphoneos*]" = "iPhone Developer";
				COPY_PHASE_STRIP = NO;
				DEBUG_INFORMATION_FORMAT = "dwarf-with-dsym";
				ENABLE_NS_ASSERTIONS = NO;
				ENABLE_STRICT_OBJC_MSGSEND = YES;
				GCC_C_LANGUAGE_STANDARD = gnu99;
				GCC_NO_COMMON_BLOCKS = YES;
				GCC_WARN_64_TO_32_BIT_CONVERSION = YES;
				GCC_WARN_ABOUT_RETURN_TYPE = YES_ERROR;
				GCC_WARN_UNDECLARED_SELECTOR = YES;
				GCC_WARN_UNINITIALIZED_AUTOS = YES_AGGRESSIVE;
				GCC_WARN_UNUSED_FUNCTION = YES;
				GCC_WARN_UNUSED_VARIABLE = YES;
				IPHONEOS_DEPLOYMENT_TARGET = 10.0;
				MTL_ENABLE_DEBUG_INFO = NO;
				SDKROOT = iphoneos;
				SWIFT_OPTIMIZATION_LEVEL = "-Owholemodule";
				TARGETED_DEVICE_FAMILY = "1,2";
				VALIDATE_PRODUCT = YES;
			};
			name = Release;
		};
		F0997A5C1D67580C00EBCF5C /* Debug */ = {
			isa = XCBuildConfiguration;
			buildSettings = {
				ASSETCATALOG_COMPILER_APPICON_NAME = AppIcon;
				INFOPLIST_FILE = DateToolsTests/Info.plist;
				LD_RUNPATH_SEARCH_PATHS = "$(inherited) @executable_path/Frameworks";
				PRODUCT_BUNDLE_IDENTIFIER = com.github.matthewyork.DateToolsTests;
				PRODUCT_NAME = "$(TARGET_NAME)";
				SWIFT_VERSION = 3.0;
			};
			name = Debug;
		};
		F0997A5D1D67580C00EBCF5C /* Release */ = {
			isa = XCBuildConfiguration;
			buildSettings = {
				ASSETCATALOG_COMPILER_APPICON_NAME = AppIcon;
				INFOPLIST_FILE = DateToolsTests/Info.plist;
				LD_RUNPATH_SEARCH_PATHS = "$(inherited) @executable_path/Frameworks";
				PRODUCT_BUNDLE_IDENTIFIER = com.github.matthewyork.DateToolsTests;
				PRODUCT_NAME = "$(TARGET_NAME)";
				SWIFT_VERSION = 3.0;
			};
			name = Release;
		};
		F0997A5F1D67580C00EBCF5C /* Debug */ = {
			isa = XCBuildConfiguration;
			buildSettings = {
				ALWAYS_EMBED_SWIFT_STANDARD_LIBRARIES = YES;
				BUNDLE_LOADER = "$(TEST_HOST)";
				INFOPLIST_FILE = DateToolsTestsTests/Info.plist;
				LD_RUNPATH_SEARCH_PATHS = "$(inherited) @executable_path/Frameworks @loader_path/Frameworks";
				PRODUCT_BUNDLE_IDENTIFIER = com.github.matthewyork.DateToolsTestsTests;
				PRODUCT_NAME = "$(TARGET_NAME)";
				SWIFT_VERSION = 3.0;
				TEST_HOST = "$(BUILT_PRODUCTS_DIR)/DateToolsTests.app/DateToolsTests";
			};
			name = Debug;
		};
		F0997A601D67580C00EBCF5C /* Release */ = {
			isa = XCBuildConfiguration;
			buildSettings = {
				ALWAYS_EMBED_SWIFT_STANDARD_LIBRARIES = YES;
				BUNDLE_LOADER = "$(TEST_HOST)";
				INFOPLIST_FILE = DateToolsTestsTests/Info.plist;
				LD_RUNPATH_SEARCH_PATHS = "$(inherited) @executable_path/Frameworks @loader_path/Frameworks";
				PRODUCT_BUNDLE_IDENTIFIER = com.github.matthewyork.DateToolsTestsTests;
				PRODUCT_NAME = "$(TARGET_NAME)";
				SWIFT_VERSION = 3.0;
				TEST_HOST = "$(BUILT_PRODUCTS_DIR)/DateToolsTests.app/DateToolsTests";
			};
			name = Release;
		};
/* End XCBuildConfiguration section */

/* Begin XCConfigurationList section */
		F0997A391D67580B00EBCF5C /* Build configuration list for PBXProject "DateToolsTests" */ = {
			isa = XCConfigurationList;
			buildConfigurations = (
				F0997A591D67580C00EBCF5C /* Debug */,
				F0997A5A1D67580C00EBCF5C /* Release */,
			);
			defaultConfigurationIsVisible = 0;
			defaultConfigurationName = Release;
		};
		F0997A5B1D67580C00EBCF5C /* Build configuration list for PBXNativeTarget "DateToolsTests" */ = {
			isa = XCConfigurationList;
			buildConfigurations = (
				F0997A5C1D67580C00EBCF5C /* Debug */,
				F0997A5D1D67580C00EBCF5C /* Release */,
			);
			defaultConfigurationIsVisible = 0;
		};
		F0997A5E1D67580C00EBCF5C /* Build configuration list for PBXNativeTarget "DateToolsTestsTests" */ = {
			isa = XCConfigurationList;
			buildConfigurations = (
				F0997A5F1D67580C00EBCF5C /* Debug */,
				F0997A601D67580C00EBCF5C /* Release */,
			);
			defaultConfigurationIsVisible = 0;
		};
/* End XCConfigurationList section */
	};
	rootObject = F0997A361D67580B00EBCF5C /* Project object */;
}
